
Microsoft Visual Studio Solution File, Format Version 12.00
# Visual Studio Version 17
VisualStudioVersion = 17.1.32210.238
MinimumVisualStudioVersion = 10.0.40219.1
Project("{FAE04EC0-301F-11D3-BF4B-00C04F79EFBC}") = "ConsoleAppPatika", "ConsoleAppPatika\ConsoleAppPatika.csproj", "{7F61035B-3253-49E6-98A8-A603BB0ADDE0}"
EndProject
Global
	GlobalSection(SolutionConfigurationPlatforms) = preSolution
		Debug|Any CPU = Debug|Any CPU
		Release|Any CPU = Release|Any CPU
	EndGlobalSection
	GlobalSection(ProjectConfigurationPlatforms) = postSolution
		{7F61035B-3253-49E6-98A8-A603BB0ADDE0}.Debug|Any CPU.ActiveCfg = Debug|Any CPU
		{7F61035B-3253-49E6-98A8-A603BB0ADDE0}.Debug|Any CPU.Build.0 = Debug|Any CPU
		{7F61035B-3253-49E6-98A8-A603BB0ADDE0}.Release|Any CPU.ActiveCfg = Release|Any CPU
		{7F61035B-3253-49E6-98A8-A603BB0ADDE0}.Release|Any CPU.Build.0 = Release|Any CPU
	EndGlobalSection
	GlobalSection(SolutionProperties) = preSolution
		HideSolutionNode = FALSE
	EndGlobalSection
	GlobalSection(ExtensibilityGlobals) = postSolution
		SolutionGuid = {BBD525BE-DF8F-4F6A-9F12-ED008F4B3E53}
	EndGlobalSection
EndGlobal
